
Microsoft Visual Studio Solution File, Format Version 12.00
# Visual Studio 15
VisualStudioVersion = 15.0.27004.2008
MinimumVisualStudioVersion = 10.0.40219.1
Project("{2150E333-8FDC-42A3-9474-1A3956D46DE8}") = "Solution Items", "Solution Items", "{2427C4AB-FAD1-498C-8C84-535B1A396963}"
	ProjectSection(SolutionItems) = preProject
		.gitattributes = .gitattributes
		.gitignore = .gitignore
	EndProjectSection
EndProject
Project("{9A19103F-16F7-4668-BE54-9A1E7A4F7556}") = "Hadoken.Core", "Hadoken.Core\Hadoken.Core.csproj", "{4963C1F8-3463-4245-B327-43983ACBBB05}"
EndProject
Project("{9A19103F-16F7-4668-BE54-9A1E7A4F7556}") = "Hadoken.Data", "Hadoken.Data\Hadoken.Data.csproj", "{7E38B119-5613-499C-BC4A-558F1D8D5D02}"
EndProject
Project("{9A19103F-16F7-4668-BE54-9A1E7A4F7556}") = "Hadoken.Data.Deployer", "Hadoken.Data.Deployer\Hadoken.Data.Deployer.csproj", "{6653B040-C6A9-4A79-8361-9FB133DE823A}"
EndProject
Project("{9A19103F-16F7-4668-BE54-9A1E7A4F7556}") = "Hadoken.Data.Migrations", "Hadoken.Data.Migrations\Hadoken.Data.Migrations.csproj", "{1479658B-4163-4600-8E4B-89AEEEB4E642}"
EndProject
Global
	GlobalSection(SolutionConfigurationPlatforms) = preSolution
		Debug|Any CPU = Debug|Any CPU
		Release|Any CPU = Release|Any CPU
	EndGlobalSection
	GlobalSection(ProjectConfigurationPlatforms) = postSolution
		{4963C1F8-3463-4245-B327-43983ACBBB05}.Debug|Any CPU.ActiveCfg = Debug|Any CPU
		{4963C1F8-3463-4245-B327-43983ACBBB05}.Debug|Any CPU.Build.0 = Debug|Any CPU
		{4963C1F8-3463-4245-B327-43983ACBBB05}.Release|Any CPU.ActiveCfg = Release|Any CPU
		{4963C1F8-3463-4245-B327-43983ACBBB05}.Release|Any CPU.Build.0 = Release|Any CPU
		{7E38B119-5613-499C-BC4A-558F1D8D5D02}.Debug|Any CPU.ActiveCfg = Debug|Any CPU
		{7E38B119-5613-499C-BC4A-558F1D8D5D02}.Debug|Any CPU.Build.0 = Debug|Any CPU
		{7E38B119-5613-499C-BC4A-558F1D8D5D02}.Release|Any CPU.ActiveCfg = Release|Any CPU
		{7E38B119-5613-499C-BC4A-558F1D8D5D02}.Release|Any CPU.Build.0 = Release|Any CPU
		{6653B040-C6A9-4A79-8361-9FB133DE823A}.Debug|Any CPU.ActiveCfg = Debug|Any CPU
		{6653B040-C6A9-4A79-8361-9FB133DE823A}.Debug|Any CPU.Build.0 = Debug|Any CPU
		{6653B040-C6A9-4A79-8361-9FB133DE823A}.Release|Any CPU.ActiveCfg = Release|Any CPU
		{6653B040-C6A9-4A79-8361-9FB133DE823A}.Release|Any CPU.Build.0 = Release|Any CPU
		{1479658B-4163-4600-8E4B-89AEEEB4E642}.Debug|Any CPU.ActiveCfg = Debug|Any CPU
		{1479658B-4163-4600-8E4B-89AEEEB4E642}.Debug|Any CPU.Build.0 = Debug|Any CPU
		{1479658B-4163-4600-8E4B-89AEEEB4E642}.Release|Any CPU.ActiveCfg = Release|Any CPU
		{1479658B-4163-4600-8E4B-89AEEEB4E642}.Release|Any CPU.Build.0 = Release|Any CPU
	EndGlobalSection
	GlobalSection(SolutionProperties) = preSolution
		HideSolutionNode = FALSE
	EndGlobalSection
	GlobalSection(ExtensibilityGlobals) = postSolution
		SolutionGuid = {185C4614-48CA-4E63-983B-D195DE1298F9}
	EndGlobalSection
EndGlobal
